
Microsoft Visual Studio Solution File, Format Version 12.00
# Visual Studio Version 17
VisualStudioVersion = 17.5.33502.453
MinimumVisualStudioVersion = 10.0.40219.1
Project("{FAE04EC0-301F-11D3-BF4B-00C04F79EFBC}") = "RockPaperScissors", "RockPaperScissors\RockPaperScissors.csproj", "{A2EC3297-E3E0-4600-9C02-885E3EA1C3DB}"
EndProject
Global
	GlobalSection(SolutionConfigurationPlatforms) = preSolution
		Debug|Any CPU = Debug|Any CPU
		Release|Any CPU = Release|Any CPU
	EndGlobalSection
	GlobalSection(ProjectConfigurationPlatforms) = postSolution
		{A2EC3297-E3E0-4600-9C02-885E3EA1C3DB}.Debug|Any CPU.ActiveCfg = Debug|Any CPU
		{A2EC3297-E3E0-4600-9C02-885E3EA1C3DB}.Debug|Any CPU.Build.0 = Debug|Any CPU
		{A2EC3297-E3E0-4600-9C02-885E3EA1C3DB}.Release|Any CPU.ActiveCfg = Release|Any CPU
		{A2EC3297-E3E0-4600-9C02-885E3EA1C3DB}.Release|Any CPU.Build.0 = Release|Any CPU
	EndGlobalSection
	GlobalSection(SolutionProperties) = preSolution
		HideSolutionNode = FALSE
	EndGlobalSection
	GlobalSection(ExtensibilityGlobals) = postSolution
		SolutionGuid = {36D8A508-9786-47EE-B990-4386C50D0EA8}
	EndGlobalSection
EndGlobal
